// !$*UTF8*$!
{
	archiveVersion = 1;
	classes = {
	};
	objectVersion = 77;
	objects = {

/* Begin PBXBuildFile section */
		15DA1C3D305645560056C420 /* Auth in Frameworks */ = {isa = PBXBuildFile; productRef = 15DA1C3C305645560056C420 /* Auth */; };
		15DA1C3F305645560056C420 /* Functions in Frameworks */ = {isa = PBXBuildFile; productRef = 15DA1C3E305645560056C420 /* Functions */; };
		15DA1C41305645560056C420 /* PostgREST in Frameworks */ = {isa = PBXBuildFile; productRef = 15DA1C40305645560056C420 /* PostgREST */; };
		15DA1C43305645560056C420 /* Realtime in Frameworks */ = {isa = PBXBuildFile; productRef = 15DA1C42305645560056C420 /* Realtime */; };
		15DA1C45305645560056C420 /* Storage in Frameworks */ = {isa = PBXBuildFile; productRef = 15DA1C44305645560056C420 /* Storage */; };
		15DA1C47305645560056C420 /* Supabase in Frameworks */ = {isa = PBXBuildFile; productRef = 15DA1C46305645560056C420 /* Supabase */; };
/* End PBXBuildFile section */

/* Begin PBXContainerItemProxy section */
		15DA1BE73051EE0F0056C420 /* PBXContainerItemProxy */ = {
			isa = PBXContainerItemProxy;
			containerPortal = 15DA1BD13051EE0D0056C420 /* Project object */;
			proxyType = 1;
			remoteGlobalIDString = 15DA1BD83051EE0D0056C420;
			remoteInfo = ucsdmcs;
		};
		15DA1BF13051EE0F0056C420 /* PBXContainerItemProxy */ = {
			isa = PBXContainerItemProxy;
			containerPortal = 15DA1BD13051EE0D0056C420 /* Project object */;
			proxyType = 1;
			remoteGlobalIDString = 15DA1BD83051EE0D0056C420;
			remoteInfo = ucsdmcs;
		};
/* End PBXContainerItemProxy section */

/* Begin PBXFileReference section */
		15DA1BD93051EE0D0056C420 /* ucsdmcs.app */ = {isa = PBXFileReference; explicitFileType = wrapper.application; includeInIndex = 0; path = ucsdmcs.app; sourceTree = BUILT_PRODUCTS_DIR; };
		15DA1BE63051EE0F0056C420 /* ucsdmcsTests.xctest */ = {isa = PBXFileReference; explicitFileType = wrapper.cfbundle; includeInIndex = 0; path = ucsdmcsTests.xctest; sourceTree = BUILT_PRODUCTS_DIR; };
		15DA1BF03051EE0F0056C420 /* ucsdmcsUITests.xctest */ = {isa = PBXFileReference; explicitFileType = wrapper.cfbundle; includeInIndex = 0; path = ucsdmcsUITests.xctest; sourceTree = BUILT_PRODUCTS_DIR; };
/* End PBXFileReference section */

/* Begin PBXFileSystemSynchronizedRootGroup section */
		15DA1BDB3051EE0D0056C420 /* ucsdmcs */ = {
			isa = PBXFileSystemSynchronizedRootGroup;
			path = ucsdmcs;
			sourceTree = "<group>";
		};
		15DA1BE93051EE0F0056C420 /* ucsdmcsTests */ = {
			isa = PBXFileSystemSynchronizedRootGroup;
			path = ucsdmcsTests;
			sourceTree = "<group>";
		};
		15DA1BF33051EE0F0056C420 /* ucsdmcsUITests */ = {
			isa = PBXFileSystemSynchronizedRootGroup;
			path = ucsdmcsUITests;
			sourceTree = "<group>";
		};
/* End PBXFileSystemSynchronizedRootGroup section */

/* Begin PBXFrameworksBuildPhase section */
		15DA1BD63051EE0D0056C420 /* Frameworks */ = {
			isa = PBXFrameworksBuildPhase;
			buildActionMask = 2147483647;
			files = (
				15DA1C41305645560056C420 /* PostgREST in Frameworks */,
				15DA1C3F305645560056C420 /* Functions in Frameworks */,
				15DA1C47305645560056C420 /* Supabase in Frameworks */,
				15DA1C3D305645560056C420 /* Auth in Frameworks */,
				15DA1C45305645560056C420 /* Storage in Frameworks */,
				15DA1C43305645560056C420 /* Realtime in Frameworks */,
			);
			runOnlyForDeploymentPostprocessing = 0;
		};
		15DA1BE33051EE0F0056C420 /* Frameworks */ = {
			isa = PBXFrameworksBuildPhase;
			buildActionMask = 2147483647;
			files = (
			);
			runOnlyForDeploymentPostprocessing = 0;
		};
		15DA1BED3051EE0F0056C420 /* Frameworks */ = {
			isa = PBXFrameworksBuildPhase;
			buildActionMask = 2147483647;
			files = (
			);
			runOnlyForDeploymentPostprocessing = 0;
		};
/* End PBXFrameworksBuildPhase section */

/* Begin PBXGroup section */
		15DA1BD03051EE0D0056C420 = {
			isa = PBXGroup;
			children = (
				15DA1BDB3051EE0D0056C420 /* ucsdmcs */,
				15DA1BE93051EE0F0056C420 /* ucsdmcsTests */,
				15DA1BF33051EE0F0056C420 /* ucsdmcsUITests */,
				15DA1C3B305645550056C420 /* Frameworks */,
				15DA1BDA3051EE0D0056C420 /* Products */,
			);
			sourceTree = "<group>";
		};
		15DA1BDA3051EE0D0056C420 /* Products */ = {
			isa = PBXGroup;
			children = (
				15DA1BD93051EE0D0056C420 /* ucsdmcs.app */,
				15DA1BE63051EE0F0056C420 /* ucsdmcsTests.xctest */,
				15DA1BF03051EE0F0056C420 /* ucsdmcsUITests.xctest */,
			);
			name = Products;
			sourceTree = "<group>";
		};
		15DA1C3B305645550056C420 /* Frameworks */ = {
			isa = PBXGroup;
			children = (
			);
			name = Frameworks;
			sourceTree = "<group>";
		};
/* End PBXGroup section */

/* Begin PBXNativeTarget section */
		15DA1BD83051EE0D0056C420 /* ucsdmcs */ = {
			isa = PBXNativeTarget;
			buildConfigurationList = 15DA1BFA3051EE0F0056C420 /* Build configuration list for PBXNativeTarget "ucsdmcs" */;
			buildPhases = (
				15DA1BD53051EE0D0056C420 /* Sources */,
				15DA1BD63051EE0D0056C420 /* Frameworks */,
				15DA1BD73051EE0D0056C420 /* Resources */,
			);
			buildRules = (
			);
			dependencies = (
			);
			fileSystemSynchronizedGroups = (
				15DA1BDB3051EE0D0056C420 /* ucsdmcs */,
			);
			name = ucsdmcs;
			packageProductDependencies = (
				15DA1C3C305645560056C420 /* Auth */,
				15DA1C3E305645560056C420 /* Functions */,
				15DA1C40305645560056C420 /* PostgREST */,
				15DA1C42305645560056C420 /* Realtime */,
				15DA1C44305645560056C420 /* Storage */,
				15DA1C46305645560056C420 /* Supabase */,
			);
			productName = ucsdmcs;
			productReference = 15DA1BD93051EE0D0056C420 /* ucsdmcs.app */;
			productType = "com.apple.product-type.application";
		};
		15DA1BE53051EE0F0056C420 /* ucsdmcsTests */ = {
			isa = PBXNativeTarget;
			buildConfigurationList = 15DA1BFD3051EE0F0056C420 /* Build configuration list for PBXNativeTarget "ucsdmcsTests" */;
			buildPhases = (
				15DA1BE23051EE0F0056C420 /* Sources */,
				15DA1BE33051EE0F0056C420 /* Frameworks */,
				15DA1BE43051EE0F0056C420 /* Resources */,
			);
			buildRules = (
			);
			dependencies = (
				15DA1BE83051EE0F0056C420 /* PBXTargetDependency */,
			);
			fileSystemSynchronizedGroups = (
				15DA1BE93051EE0F0056C420 /* ucsdmcsTests */,
			);
			name = ucsdmcsTests;
			packageProductDependencies = (
			);
			productName = ucsdmcsTests;
			productReference = 15DA1BE63051EE0F0056C420 /* ucsdmcsTests.xctest */;
			productType = "com.apple.product-type.bundle.unit-test";
		};
		15DA1BEF3051EE0F0056C420 /* ucsdmcsUITests */ = {
			isa = PBXNativeTarget;
			buildConfigurationList = 15DA1C003051EE0F0056C420 /* Build configuration list for PBXNativeTarget "ucsdmcsUITests" */;
			buildPhases = (
				15DA1BEC3051EE0F0056C420 /* Sources */,
				15DA1BED3051EE0F0056C420 /* Frameworks */,
				15DA1BEE3051EE0F0056C420 /* Resources */,
			);
			buildRules = (
			);
			dependencies = (
				15DA1BF23051EE0F0056C420 /* PBXTargetDependency */,
			);
			fileSystemSynchronizedGroups = (
				15DA1BF33051EE0F0056C420 /* ucsdmcsUITests */,
			);
			name = ucsdmcsUITests;
			packageProductDependencies = (
			);
			productName = ucsdmcsUITests;
			productReference = 15DA1BF03051EE0F0056C420 /* ucsdmcsUITests.xctest */;
			productType = "com.apple.product-type.bundle.ui-testing";
		};
/* End PBXNativeTarget section */

/* Begin PBXProject section */
		15DA1BD13051EE0D0056C420 /* Project object */ = {
			isa = PBXProject;
			attributes = {
				BuildIndependentTargetsInParallel = 1;
				LastSwiftUpdateCheck = 2640;
				LastUpgradeCheck = 2640;
				TargetAttributes = {
					15DA1BD83051EE0D0056C420 = {
						CreatedOnToolsVersion = 26.4.1;
					};
					15DA1BE53051EE0F0056C420 = {
						CreatedOnToolsVersion = 26.4.1;
						TestTargetID = 15DA1BD83051EE0D0056C420;
					};
					15DA1BEF3051EE0F0056C420 = {
						CreatedOnToolsVersion = 26.4.1;
						TestTargetID = 15DA1BD83051EE0D0056C420;
					};
				};
			};
			buildConfigurationList = 15DA1BD43051EE0D0056C420 /* Build configuration list for PBXProject "ucsdmcs" */;
			developmentRegion = en;
			hasScannedForEncodings = 0;
			knownRegions = (
				en,
				Base,
			);
			mainGroup = 15DA1BD03051EE0D0056C420;
			minimizedProjectReferenceProxies = 1;
			packageReferences = (
				15DA1C283056443C0056C420 /* XCRemoteSwiftPackageReference "supabase-swift" */,
			);
			preferredProjectObjectVersion = 77;
			productRefGroup = 15DA1BDA3051EE0D0056C420 /* Products */;
			projectDirPath = "";
			projectRoot = "";
			targets = (
				15DA1BD83051EE0D0056C420 /* ucsdmcs */,
				15DA1BE53051EE0F0056C420 /* ucsdmcsTests */,
				15DA1BEF3051EE0F0056C420 /* ucsdmcsUITests */,
			);
		};
/* End PBXProject section */

/* Begin PBXResourcesBuildPhase section */
		15DA1BD73051EE0D0056C420 /* Resources */ = {
			isa = PBXResourcesBuildPhase;
			buildActionMask = 2147483647;
			files = (
			);
			runOnlyForDeploymentPostprocessing = 0;
		};
		15DA1BE43051EE0F0056C420 /* Resources */ = {
			isa = PBXResourcesBuildPhase;
			buildActionMask = 2147483647;
			files = (
			);
			runOnlyForDeploymentPostprocessing = 0;
		};
		15DA1BEE3051EE0F0056C420 /* Resources */ = {
			isa = PBXResourcesBuildPhase;
			buildActionMask = 2147483647;
			files = (
			);
			runOnlyForDeploymentPostprocessing = 0;
		};
/* End PBXResourcesBuildPhase section */

/* Begin PBXSourcesBuildPhase section */
		15DA1BD53051EE0D0056C420 /* Sources */ = {
			isa = PBXSourcesBuildPhase;
			buildActionMask = 2147483647;
			files = (
			);
			runOnlyForDeploymentPostprocessing = 0;
		};
		15DA1BE23051EE0F0056C420 /* Sources */ = {
			isa = PBXSourcesBuildPhase;
			buildActionMask = 2147483647;
			files = (
			);
			runOnlyForDeploymentPostprocessing = 0;
		};
		15DA1BEC3051EE0F0056C420 /* Sources */ = {
			isa = PBXSourcesBuildPhase;
			buildActionMask = 2147483647;
			files = (
			);
			runOnlyForDeploymentPostprocessing = 0;
		};
/* End PBXSourcesBuildPhase section */

/* Begin PBXTargetDependency section */
		15DA1BE83051EE0F0056C420 /* PBXTargetDependency */ = {
			isa = PBXTargetDependency;
			target = 15DA1BD83051EE0D0056C420 /* ucsdmcs */;
			targetProxy = 15DA1BE73051EE0F0056C420 /* PBXContainerItemProxy */;
		};
		15DA1BF23051EE0F0056C420 /* PBXTargetDependency */ = {
			isa = PBXTargetDependency;
			target = 15DA1BD83051EE0D0056C420 /* ucsdmcs */;
			targetProxy = 15DA1BF13051EE0F0056C420 /* PBXContainerItemProxy */;
		};
/* End PBXTargetDependency section */

/* Begin XCBuildConfiguration section */
		15DA1BF83051EE0F0056C420 /* Debug */ = {
			isa = XCBuildConfiguration;
			buildSettings = {
				ALWAYS_SEARCH_USER_PATHS = NO;
				ASSETCATALOG_COMPILER_GENERATE_SWIFT_ASSET_SYMBOL_EXTENSIONS = YES;
				CLANG_ANALYZER_NONNULL = YES;
				CLANG_ANALYZER_NUMBER_OBJECT_CONVERSION = YES_AGGRESSIVE;
				CLANG_CXX_LANGUAGE_STANDARD = "gnu++20";
				CLANG_ENABLE_MODULES = YES;
				CLANG_ENABLE_OBJC_ARC = YES;
				CLANG_ENABLE_OBJC_WEAK = YES;
				CLANG_WARN_BLOCK_CAPTURE_AUTORELEASING = YES;
				CLANG_WARN_BOOL_CONVERSION = YES;
				CLANG_WARN_COMMA = YES;
				CLANG_WARN_CONSTANT_CONVERSION = YES;
				CLANG_WARN_DEPRECATED_OBJC_IMPLEMENTATIONS = YES;
				CLANG_WARN_DIRECT_OBJC_ISA_USAGE = YES_ERROR;
				CLANG_WARN_DOCUMENTATION_COMMENTS = YES;
				CLANG_WARN_EMPTY_BODY = YES;
				CLANG_WARN_ENUM_CONVERSION = YES;
				CLANG_WARN_INFINITE_RECURSION = YES;
				CLANG_WARN_INT_CONVERSION = YES;
				CLANG_WARN_NON_LITERAL_NULL_CONVERSION = YES;
				CLANG_WARN_OBJC_IMPLICIT_RETAIN_SELF = YES;
				CLANG_WARN_OBJC_LITERAL_CONVERSION = YES;
				CLANG_WARN_OBJC_ROOT_CLASS = YES_ERROR;
				CLANG_WARN_QUOTED_INCLUDE_IN_FRAMEWORK_HEADER = YES;
				CLANG_WARN_RANGE_LOOP_ANALYSIS = YES;
				CLANG_WARN_STRICT_PROTOTYPES = YES;
				CLANG_WARN_SUSPICIOUS_MOVE = YES;
				CLANG_WARN_UNGUARDED_AVAILABILITY = YES_AGGRESSIVE;
				CLANG_WARN_UNREACHABLE_CODE = YES;
				CLANG_WARN__DUPLICATE_METHOD_MATCH = YES;
				COPY_PHASE_STRIP = NO;
				DEBUG_INFORMATION_FORMAT = dwarf;
				DEVELOPMENT_TEAM = B455H374TA;
				ENABLE_STRICT_OBJC_MSGSEND = YES;
				ENABLE_TESTABILITY = YES;
				ENABLE_USER_SCRIPT_SANDBOXING = YES;
				GCC_C_LANGUAGE_STANDARD = gnu17;
				GCC_DYNAMIC_NO_PIC = NO;
				GCC_NO_COMMON_BLOCKS = YES;
				GCC_OPTIMIZATION_LEVEL = 0;
				GCC_PREPROCESSOR_DEFINITIONS = (
					"DEBUG=1",
					"$(inherited)",
				);
				GCC_WARN_64_TO_32_BIT_CONVERSION = YES;
				GCC_WARN_ABOUT_RETURN_TYPE = YES_ERROR;
				GCC_WARN_UNDECLARED_SELECTOR = YES;
				GCC_WARN_UNINITIALIZED_AUTOS = YES_AGGRESSIVE;
				GCC_WARN_UNUSED_FUNCTION = YES;
				GCC_WARN_UNUSED_VARIABLE = YES;
				IPHONEOS_DEPLOYMENT_TARGET = 26.4;
				LOCALIZATION_PREFERS_STRING_CATALOGS = YES;
				MTL_ENABLE_DEBUG_INFO = INCLUDE_SOURCE;
				MTL_FAST_MATH = YES;
				ONLY_ACTIVE_ARCH = YES;
				SDKROOT = iphoneos;
				SWIFT_ACTIVE_COMPILATION_CONDITIONS = "DEBUG $(inherited)";
				SWIFT_OPTIMIZATION_LEVEL = "-Onone";
			};
			name = Debug;
		};
		15DA1BF93051EE0F0056C420 /* Release */ = {
			isa = XCBuildConfiguration;
			buildSettings = {
				ALWAYS_SEARCH_USER_PATHS = NO;
				ASSETCATALOG_COMPILER_GENERATE_SWIFT_ASSET_SYMBOL_EXTENSIONS = YES;
				CLANG_ANALYZER_NONNULL = YES;
				CLANG_ANALYZER_NUMBER_OBJECT_CONVERSION = YES_AGGRESSIVE;
				CLANG_CXX_LANGUAGE_STANDARD = "gnu++20";
				CLANG_ENABLE_MODULES = YES;
				CLANG_ENABLE_OBJC_ARC = YES;
				CLANG_ENABLE_OBJC_WEAK = YES;
				CLANG_WARN_BLOCK_CAPTURE_AUTORELEASING = YES;
				CLANG_WARN_BOOL_CONVERSION = YES;
				CLANG_WARN_COMMA = YES;
				CLANG_WARN_CONSTANT_CONVERSION = YES;
				CLANG_WARN_DEPRECATED_OBJC_IMPLEMENTATIONS = YES;
				CLANG_WARN_DIRECT_OBJC_ISA_USAGE = YES_ERROR;
				CLANG_WARN_DOCUMENTATION_COMMENTS = YES;
				CLANG_WARN_EMPTY_BODY = YES;
				CLANG_WARN_ENUM_CONVERSION = YES;
				CLANG_WARN_INFINITE_RECURSION = YES;
				CLANG_WARN_INT_CONVERSION = YES;
				CLANG_WARN_NON_LITERAL_NULL_CONVERSION = YES;
				CLANG_WARN_OBJC_IMPLICIT_RETAIN_SELF = YES;
				CLANG_WARN_OBJC_LITERAL_CONVERSION = YES;
				CLANG_WARN_OBJC_ROOT_CLASS = YES_ERROR;
				CLANG_WARN_QUOTED_INCLUDE_IN_FRAMEWORK_HEADER = YES;
				CLANG_WARN_RANGE_LOOP_ANALYSIS = YES;
				CLANG_WARN_STRICT_PROTOTYPES = YES;
				CLANG_WARN_SUSPICIOUS_MOVE = YES;
				CLANG_WARN_UNGUARDED_AVAILABILITY = YES_AGGRESSIVE;
				CLANG_WARN_UNREACHABLE_CODE = YES;
				CLANG_WARN__DUPLICATE_METHOD_MATCH = YES;
				COPY_PHASE_STRIP = NO;
				DEBUG_INFORMATION_FORMAT = "dwarf-with-dsym";
				DEVELOPMENT_TEAM = B455H374TA;
				ENABLE_NS_ASSERTIONS = NO;
				ENABLE_STRICT_OBJC_MSGSEND = YES;
				ENABLE_USER_SCRIPT_SANDBOXING = YES;
				GCC_C_LANGUAGE_STANDARD = gnu17;
				GCC_NO_COMMON_BLOCKS = YES;
				GCC_WARN_64_TO_32_BIT_CONVERSION = YES;
				GCC_WARN_ABOUT_RETURN_TYPE = YES_ERROR;
				GCC_WARN_UNDECLARED_SELECTOR = YES;
				GCC_WARN_UNINITIALIZED_AUTOS = YES_AGGRESSIVE;
				GCC_WARN_UNUSED_FUNCTION = YES;
				GCC_WARN_UNUSED_VARIABLE = YES;
				IPHONEOS_DEPLOYMENT_TARGET = 26.4;
				LOCALIZATION_PREFERS_STRING_CATALOGS = YES;
				MTL_ENABLE_DEBUG_INFO = NO;
				MTL_FAST_MATH = YES;
				SDKROOT = iphoneos;
				SWIFT_COMPILATION_MODE = wholemodule;
				VALIDATE_PRODUCT = YES;
			};
			name = Release;
		};
		15DA1BFB3051EE0F0056C420 /* Debug */ = {
			isa = XCBuildConfiguration;
			buildSettings = {
				ASSETCATALOG_COMPILER_APPICON_NAME = AppIcon;
				ASSETCATALOG_COMPILER_GLOBAL_ACCENT_COLOR_NAME = AccentColor;
				CODE_SIGN_STYLE = Automatic;
				CURRENT_PROJECT_VERSION = 1;
				DEVELOPMENT_TEAM = B455H374TA;
				ENABLE_PREVIEWS = YES;
				GENERATE_INFOPLIST_FILE = YES;
				INFOPLIST_KEY_UIApplicationSceneManifest_Generation = YES;
				INFOPLIST_KEY_UIApplicationSupportsIndirectInputEvents = YES;
				INFOPLIST_KEY_UILaunchScreen_Generation = YES;
				INFOPLIST_KEY_UISupportedInterfaceOrientations_iPad = "UIInterfaceOrientationPortrait UIInterfaceOrientationPortraitUpsideDown UIInterfaceOrientationLandscapeLeft UIInterfaceOrientationLandscapeRight";
				INFOPLIST_KEY_UISupportedInterfaceOrientations_iPhone = "UIInterfaceOrientationPortrait UIInterfaceOrientationLandscapeLeft UIInterfaceOrientationLandscapeRight";
				LD_RUNPATH_SEARCH_PATHS = (
					"$(inherited)",
					"@executable_path/Frameworks",
				);
				MARKETING_VERSION = 1.0;
				PRODUCT_BUNDLE_IDENTIFIER = com.example.ucsdmcs;
				PRODUCT_NAME = "$(TARGET_NAME)";
				STRING_CATALOG_GENERATE_SYMBOLS = YES;
				SWIFT_APPROACHABLE_CONCURRENCY = YES;
				SWIFT_DEFAULT_ACTOR_ISOLATION = MainActor;
				SWIFT_EMIT_LOC_STRINGS = YES;
				SWIFT_UPCOMING_FEATURE_MEMBER_IMPORT_VISIBILITY = YES;
				SWIFT_VERSION = 5.0;
				TARGETED_DEVICE_FAMILY = "1,2";
			};
			name = Debug;
		};
		15DA1BFC3051EE0F0056C420 /* Release */ = {
			isa = XCBuildConfiguration;
			buildSettings = {
				ASSETCATALOG_COMPILER_APPICON_NAME = AppIcon;
				ASSETCATALOG_COMPILER_GLOBAL_ACCENT_COLOR_NAME = AccentColor;
				CODE_SIGN_STYLE = Automatic;
				CURRENT_PROJECT_VERSION = 1;
				DEVELOPMENT_TEAM = B455H374TA;
				ENABLE_PREVIEWS = YES;
				GENERATE_INFOPLIST_FILE = YES;
				INFOPLIST_KEY_UIApplicationSceneManifest_Generation = YES;
				INFOPLIST_KEY_UIApplicationSupportsIndirectInputEvents = YES;
				INFOPLIST_KEY_UILaunchScreen_Generation = YES;
				INFOPLIST_KEY_UISupportedInterfaceOrientations_iPad = "UIInterfaceOrientationPortrait UIInterfaceOrientationPortraitUpsideDown UIInterfaceOrientationLandscapeLeft UIInterfaceOrientationLandscapeRight";
				INFOPLIST_KEY_UISupportedInterfaceOrientations_iPhone = "UIInterfaceOrientationPortrait UIInterfaceOrientationLandscapeLeft UIInterfaceOrientationLandscapeRight";
				LD_RUNPATH_SEARCH_PATHS = (
					"$(inherited)",
					"@executable_path/Frameworks",
				);
				MARKETING_VERSION = 1.0;
				PRODUCT_BUNDLE_IDENTIFIER = com.example.ucsdmcs;
				PRODUCT_NAME = "$(TARGET_NAME)";
				STRING_CATALOG_GENERATE_SYMBOLS = YES;
				SWIFT_APPROACHABLE_CONCURRENCY = YES;
				SWIFT_DEFAULT_ACTOR_ISOLATION = MainActor;
				SWIFT_EMIT_LOC_STRINGS = YES;
				SWIFT_UPCOMING_FEATURE_MEMBER_IMPORT_VISIBILITY = YES;
				SWIFT_VERSION = 5.0;
				TARGETED_DEVICE_FAMILY = "1,2";
			};
			name = Release;
		};
		15DA1BFE3051EE0F0056C420 /* Debug */ = {
			isa = XCBuildConfiguration;
			buildSettings = {
				BUNDLE_LOADER = "$(TEST_HOST)";
				CODE_SIGN_STYLE = Automatic;
				CURRENT_PROJECT_VERSION = 1;
				DEVELOPMENT_TEAM = B455H374TA;
				GENERATE_INFOPLIST_FILE = YES;
				IPHONEOS_DEPLOYMENT_TARGET = 26.4;
				MARKETING_VERSION = 1.0;
				PRODUCT_BUNDLE_IDENTIFIER = com.example.ucsdmcsTests;
				PRODUCT_NAME = "$(TARGET_NAME)";
				STRING_CATALOG_GENERATE_SYMBOLS = NO;
				SWIFT_APPROACHABLE_CONCURRENCY = YES;
				SWIFT_EMIT_LOC_STRINGS = NO;
				SWIFT_UPCOMING_FEATURE_MEMBER_IMPORT_VISIBILITY = YES;
				SWIFT_VERSION = 5.0;
				TARGETED_DEVICE_FAMILY = "1,2";
				TEST_HOST = "$(BUILT_PRODUCTS_DIR)/ucsdmcs.app/$(BUNDLE_EXECUTABLE_FOLDER_PATH)/ucsdmcs";
			};
			name = Debug;
		};
		15DA1BFF3051EE0F0056C420 /* Release */ = {
			isa = XCBuildConfiguration;
			buildSettings = {
				BUNDLE_LOADER = "$(TEST_HOST)";
				CODE_SIGN_STYLE = Automatic;
				CURRENT_PROJECT_VERSION = 1;
				DEVELOPMENT_TEAM = B455H374TA;
				GENERATE_INFOPLIST_FILE = YES;
				IPHONEOS_DEPLOYMENT_TARGET = 26.4;
				MARKETING_VERSION = 1.0;
				PRODUCT_BUNDLE_IDENTIFIER = com.example.ucsdmcsTests;
				PRODUCT_NAME = "$(TARGET_NAME)";
				STRING_CATALOG_GENERATE_SYMBOLS = NO;
				SWIFT_APPROACHABLE_CONCURRENCY = YES;
				SWIFT_EMIT_LOC_STRINGS = NO;
				SWIFT_UPCOMING_FEATURE_MEMBER_IMPORT_VISIBILITY = YES;
				SWIFT_VERSION = 5.0;
				TARGETED_DEVICE_FAMILY = "1,2";
				TEST_HOST = "$(BUILT_PRODUCTS_DIR)/ucsdmcs.app/$(BUNDLE_EXECUTABLE_FOLDER_PATH)/ucsdmcs";
			};
			name = Release;
		};
		15DA1C013051EE0F0056C420 /* Debug */ = {
			isa = XCBuildConfiguration;
			buildSettings = {
				CODE_SIGN_STYLE = Automatic;
				CURRENT_PROJECT_VERSION = 1;
				DEVELOPMENT_TEAM = B455H374TA;
				GENERATE_INFOPLIST_FILE = YES;
				MARKETING_VERSION = 1.0;
				PRODUCT_BUNDLE_IDENTIFIER = com.example.ucsdmcsUITests;
				PRODUCT_NAME = "$(TARGET_NAME)";
				STRING_CATALOG_GENERATE_SYMBOLS = NO;
				SWIFT_APPROACHABLE_CONCURRENCY = YES;
				SWIFT_EMIT_LOC_STRINGS = NO;
				SWIFT_UPCOMING_FEATURE_MEMBER_IMPORT_VISIBILITY = YES;
				SWIFT_VERSION = 5.0;
				TARGETED_DEVICE_FAMILY = "1,2";
				TEST_TARGET_NAME = ucsdmcs;
			};
			name = Debug;
		};
		15DA1C023051EE0F0056C420 /* Release */ = {
			isa = XCBuildConfiguration;
			buildSettings = {
				CODE_SIGN_STYLE = Automatic;
				CURRENT_PROJECT_VERSION = 1;
				DEVELOPMENT_TEAM = B455H374TA;
				GENERATE_INFOPLIST_FILE = YES;
				MARKETING_VERSION = 1.0;
				PRODUCT_BUNDLE_IDENTIFIER = com.example.ucsdmcsUITests;
				PRODUCT_NAME = "$(TARGET_NAME)";
				STRING_CATALOG_GENERATE_SYMBOLS = NO;
				SWIFT_APPROACHABLE_CONCURRENCY = YES;
				SWIFT_EMIT_LOC_STRINGS = NO;
				SWIFT_UPCOMING_FEATURE_MEMBER_IMPORT_VISIBILITY = YES;
				SWIFT_VERSION = 5.0;
				TARGETED_DEVICE_FAMILY = "1,2";
				TEST_TARGET_NAME = ucsdmcs;
			};
			name = Release;
		};
/* End XCBuildConfiguration section */

/* Begin XCConfigurationList section */
		15DA1BD43051EE0D0056C420 /* Build configuration list for PBXProject "ucsdmcs" */ = {
			isa = XCConfigurationList;
			buildConfigurations = (
				15DA1BF83051EE0F0056C420 /* Debug */,
				15DA1BF93051EE0F0056C420 /* Release */,
			);
			defaultConfigurationIsVisible = 0;
			defaultConfigurationName = Release;
		};
		15DA1BFA3051EE0F0056C420 /* Build configuration list for PBXNativeTarget "ucsdmcs" */ = {
			isa = XCConfigurationList;
			buildConfigurations = (
				15DA1BFB3051EE0F0056C420 /* Debug */,
				15DA1BFC3051EE0F0056C420 /* Release */,
			);
			defaultConfigurationIsVisible = 0;
			defaultConfigurationName = Release;
		};
		15DA1BFD3051EE0F0056C420 /* Build configuration list for PBXNativeTarget "ucsdmcsTests" */ = {
			isa = XCConfigurationList;
			buildConfigurations = (
				15DA1BFE3051EE0F0056C420 /* Debug */,
				15DA1BFF3051EE0F0056C420 /* Release */,
			);
			defaultConfigurationIsVisible = 0;
			defaultConfigurationName = Release;
		};
		15DA1C003051EE0F0056C420 /* Build configuration list for PBXNativeTarget "ucsdmcsUITests" */ = {
			isa = XCConfigurationList;
			buildConfigurations = (
				15DA1C013051EE0F0056C420 /* Debug */,
				15DA1C023051EE0F0056C420 /* Release */,
			);
			defaultConfigurationIsVisible = 0;
			defaultConfigurationName = Release;
		};
/* End XCConfigurationList section */

/* Begin XCRemoteSwiftPackageReference section */
		15DA1C283056443C0056C420 /* XCRemoteSwiftPackageReference "supabase-swift" */ = {
			isa = XCRemoteSwiftPackageReference;
			repositoryURL = "https://github.com/supabase/supabase-swift";
			requirement = {
				kind = upToNextMajorVersion;
				minimumVersion = 2.5.1;
			};
		};
/* End XCRemoteSwiftPackageReference section */

/* Begin XCSwiftPackageProductDependency section */
		15DA1C3C305645560056C420 /* Auth */ = {
			isa = XCSwiftPackageProductDependency;
			package = 15DA1C283056443C0056C420 /* XCRemoteSwiftPackageReference "supabase-swift" */;
			productName = Auth;
		};
		15DA1C3E305645560056C420 /* Functions */ = {
			isa = XCSwiftPackageProductDependency;
			package = 15DA1C283056443C0056C420 /* XCRemoteSwiftPackageReference "supabase-swift" */;
			productName = Functions;
		};
		15DA1C40305645560056C420 /* PostgREST */ = {
			isa = XCSwiftPackageProductDependency;
			package = 15DA1C283056443C0056C420 /* XCRemoteSwiftPackageReference "supabase-swift" */;
			productName = PostgREST;
		};
		15DA1C42305645560056C420 /* Realtime */ = {
			isa = XCSwiftPackageProductDependency;
			package = 15DA1C283056443C0056C420 /* XCRemoteSwiftPackageReference "supabase-swift" */;
			productName = Realtime;
		};
		15DA1C44305645560056C420 /* Storage */ = {
			isa = XCSwiftPackageProductDependency;
			package = 15DA1C283056443C0056C420 /* XCRemoteSwiftPackageReference "supabase-swift" */;
			productName = Storage;
		};
		15DA1C46305645560056C420 /* Supabase */ = {
			isa = XCSwiftPackageProductDependency;
			package = 15DA1C283056443C0056C420 /* XCRemoteSwiftPackageReference "supabase-swift" */;
			productName = Supabase;
		};
/* End XCSwiftPackageProductDependency section */
	};
	rootObject = 15DA1BD13051EE0D0056C420 /* Project object */;
}
